
Microsoft Visual Studio Solution File, Format Version 12.00
# Visual Studio Version 17
VisualStudioVersion = 17.9.34728.123
MinimumVisualStudioVersion = 10.0.40219.1
Project("{2150E333-8FDC-42A3-9474-1A3956D46DE8}") = "src", "src", "{2FA92403-72B4-45D4-9F1B-76226685E24C}"
EndProject
Project("{9A19103F-16F7-4668-BE54-9A1E7A4F7556}") = "Oleander.Assembly.Binding.Tool", "src\AssemblyBinding.Tool\Oleander.Assembly.Binding.Tool.csproj", "{C5BD14DF-5125-49F2-9AD4-E10FAFC0EC0F}"
EndProject
Project("{2150E333-8FDC-42A3-9474-1A3956D46DE8}") = "Common", "Common", "{3FA1CA2A-8930-4D4E-B5F9-6AF390BB07E5}"
	ProjectSection(SolutionItems) = preProject
		Common\targets\common.targets = Common\targets\common.targets
	EndProjectSection
EndProject
Global
	GlobalSection(SolutionConfigurationPlatforms) = preSolution
		Debug|Any CPU = Debug|Any CPU
		Release|Any CPU = Release|Any CPU
	EndGlobalSection
	GlobalSection(ProjectConfigurationPlatforms) = postSolution
		{C5BD14DF-5125-49F2-9AD4-E10FAFC0EC0F}.Debug|Any CPU.ActiveCfg = Debug|Any CPU
		{C5BD14DF-5125-49F2-9AD4-E10FAFC0EC0F}.Debug|Any CPU.Build.0 = Debug|Any CPU
		{C5BD14DF-5125-49F2-9AD4-E10FAFC0EC0F}.Release|Any CPU.ActiveCfg = Release|Any CPU
		{C5BD14DF-5125-49F2-9AD4-E10FAFC0EC0F}.Release|Any CPU.Build.0 = Release|Any CPU
	EndGlobalSection
	GlobalSection(SolutionProperties) = preSolution
		HideSolutionNode = FALSE
	EndGlobalSection
	GlobalSection(NestedProjects) = preSolution
		{C5BD14DF-5125-49F2-9AD4-E10FAFC0EC0F} = {2FA92403-72B4-45D4-9F1B-76226685E24C}
	EndGlobalSection
	GlobalSection(ExtensibilityGlobals) = postSolution
		SolutionGuid = {96D41D9C-DF00-484A-9B01-CB2A72F08D7D}
	EndGlobalSection
EndGlobal
